
Microsoft Visual Studio Solution File, Format Version 12.00
# Visual Studio Version 17
VisualStudioVersion = 17.2.32519.379
MinimumVisualStudioVersion = 10.0.40219.1
Project("{2150E333-8FDC-42A3-9474-1A3956D46DE8}") = "Microservices", "Microservices", "{E8927D4D-368D-4DB1-8AD5-B5FEF02C272E}"
EndProject
Project("{9A19103F-16F7-4668-BE54-9A1E7A4F7556}") = "ApiGateway", "ApiGateway\ApiGateway.csproj", "{E7773DE9-08BF-46B9-8CAF-061961EAFE85}"
EndProject
Project("{2150E333-8FDC-42A3-9474-1A3956D46DE8}") = "Customer", "Customer", "{AD4FC2FD-3701-4C5D-B860-421AABDAF737}"
EndProject
Project("{9A19103F-16F7-4668-BE54-9A1E7A4F7556}") = "Project.Core", "Microservices\Customer\Project.Core\Project.Core.csproj", "{4A84F128-53E2-4F26-9B98-613D06094C26}"
EndProject
Project("{9A19103F-16F7-4668-BE54-9A1E7A4F7556}") = "Project.Data", "Microservices\Customer\Project.Data\Project.Data.csproj", "{6CE61B28-A733-45EE-83B2-C6AF5267CB5E}"
EndProject
Project("{9A19103F-16F7-4668-BE54-9A1E7A4F7556}") = "Project.Service", "Microservices\Customer\Project.Service\Project.Service.csproj", "{D4606AD6-A945-43FF-92A0-6ED284CFFA16}"
EndProject
Project("{FAE04EC0-301F-11D3-BF4B-00C04F79EFBC}") = "Project.API", "Microservices\Customer\Project.API\Project.API.csproj", "{62FE2598-63B3-4F61-8317-76BDB95B7999}"
EndProject
Project("{2150E333-8FDC-42A3-9474-1A3956D46DE8}") = "Ordering", "Ordering", "{410A61F2-4AAC-4CB1-93ED-8B2CE4BEB7A8}"
EndProject
Project("{FAE04EC0-301F-11D3-BF4B-00C04F79EFBC}") = "Project.API", "Microservices\Ordering\Project.API\Project.API.csproj", "{D164D999-CD7F-4B2A-9677-FCF04A4AEA7D}"
EndProject
Project("{FAE04EC0-301F-11D3-BF4B-00C04F79EFBC}") = "Project.Data", "Microservices\Ordering\Project.Data\Project.Data.csproj", "{E61AA840-1176-4995-BF78-3D80086B2817}"
EndProject
Project("{FAE04EC0-301F-11D3-BF4B-00C04F79EFBC}") = "Project.Core", "Microservices\Ordering\Project.Core\Project.Core.csproj", "{06902A4B-261B-44DC-8E0B-70CDFB4E804B}"
EndProject
Project("{FAE04EC0-301F-11D3-BF4B-00C04F79EFBC}") = "Project.Service", "Microservices\Ordering\Project.Service\Project.Service.csproj", "{90F8AC00-688C-4DF2-A1D4-7360E919542A}"
EndProject
Global
	GlobalSection(SolutionConfigurationPlatforms) = preSolution
		Debug|Any CPU = Debug|Any CPU
		Release|Any CPU = Release|Any CPU
	EndGlobalSection
	GlobalSection(ProjectConfigurationPlatforms) = postSolution
		{E7773DE9-08BF-46B9-8CAF-061961EAFE85}.Debug|Any CPU.ActiveCfg = Debug|Any CPU
		{E7773DE9-08BF-46B9-8CAF-061961EAFE85}.Debug|Any CPU.Build.0 = Debug|Any CPU
		{E7773DE9-08BF-46B9-8CAF-061961EAFE85}.Release|Any CPU.ActiveCfg = Release|Any CPU
		{E7773DE9-08BF-46B9-8CAF-061961EAFE85}.Release|Any CPU.Build.0 = Release|Any CPU
		{4A84F128-53E2-4F26-9B98-613D06094C26}.Debug|Any CPU.ActiveCfg = Debug|Any CPU
		{4A84F128-53E2-4F26-9B98-613D06094C26}.Debug|Any CPU.Build.0 = Debug|Any CPU
		{4A84F128-53E2-4F26-9B98-613D06094C26}.Release|Any CPU.ActiveCfg = Release|Any CPU
		{4A84F128-53E2-4F26-9B98-613D06094C26}.Release|Any CPU.Build.0 = Release|Any CPU
		{6CE61B28-A733-45EE-83B2-C6AF5267CB5E}.Debug|Any CPU.ActiveCfg = Debug|Any CPU
		{6CE61B28-A733-45EE-83B2-C6AF5267CB5E}.Debug|Any CPU.Build.0 = Debug|Any CPU
		{6CE61B28-A733-45EE-83B2-C6AF5267CB5E}.Release|Any CPU.ActiveCfg = Release|Any CPU
		{6CE61B28-A733-45EE-83B2-C6AF5267CB5E}.Release|Any CPU.Build.0 = Release|Any CPU
		{D4606AD6-A945-43FF-92A0-6ED284CFFA16}.Debug|Any CPU.ActiveCfg = Debug|Any CPU
		{D4606AD6-A945-43FF-92A0-6ED284CFFA16}.Debug|Any CPU.Build.0 = Debug|Any CPU
		{D4606AD6-A945-43FF-92A0-6ED284CFFA16}.Release|Any CPU.ActiveCfg = Release|Any CPU
		{D4606AD6-A945-43FF-92A0-6ED284CFFA16}.Release|Any CPU.Build.0 = Release|Any CPU
		{62FE2598-63B3-4F61-8317-76BDB95B7999}.Debug|Any CPU.ActiveCfg = Debug|Any CPU
		{62FE2598-63B3-4F61-8317-76BDB95B7999}.Debug|Any CPU.Build.0 = Debug|Any CPU
		{62FE2598-63B3-4F61-8317-76BDB95B7999}.Release|Any CPU.ActiveCfg = Release|Any CPU
		{62FE2598-63B3-4F61-8317-76BDB95B7999}.Release|Any CPU.Build.0 = Release|Any CPU
		{D164D999-CD7F-4B2A-9677-FCF04A4AEA7D}.Debug|Any CPU.ActiveCfg = Debug|Any CPU
		{D164D999-CD7F-4B2A-9677-FCF04A4AEA7D}.Debug|Any CPU.Build.0 = Debug|Any CPU
		{D164D999-CD7F-4B2A-9677-FCF04A4AEA7D}.Release|Any CPU.ActiveCfg = Release|Any CPU
		{D164D999-CD7F-4B2A-9677-FCF04A4AEA7D}.Release|Any CPU.Build.0 = Release|Any CPU
		{E61AA840-1176-4995-BF78-3D80086B2817}.Debug|Any CPU.ActiveCfg = Debug|Any CPU
		{E61AA840-1176-4995-BF78-3D80086B2817}.Debug|Any CPU.Build.0 = Debug|Any CPU
		{E61AA840-1176-4995-BF78-3D80086B2817}.Release|Any CPU.ActiveCfg = Release|Any CPU
		{E61AA840-1176-4995-BF78-3D80086B2817}.Release|Any CPU.Build.0 = Release|Any CPU
		{06902A4B-261B-44DC-8E0B-70CDFB4E804B}.Debug|Any CPU.ActiveCfg = Debug|Any CPU
		{06902A4B-261B-44DC-8E0B-70CDFB4E804B}.Debug|Any CPU.Build.0 = Debug|Any CPU
		{06902A4B-261B-44DC-8E0B-70CDFB4E804B}.Release|Any CPU.ActiveCfg = Release|Any CPU
		{06902A4B-261B-44DC-8E0B-70CDFB4E804B}.Release|Any CPU.Build.0 = Release|Any CPU
		{90F8AC00-688C-4DF2-A1D4-7360E919542A}.Debug|Any CPU.ActiveCfg = Debug|Any CPU
		{90F8AC00-688C-4DF2-A1D4-7360E919542A}.Debug|Any CPU.Build.0 = Debug|Any CPU
		{90F8AC00-688C-4DF2-A1D4-7360E919542A}.Release|Any CPU.ActiveCfg = Release|Any CPU
		{90F8AC00-688C-4DF2-A1D4-7360E919542A}.Release|Any CPU.Build.0 = Release|Any CPU
	EndGlobalSection
	GlobalSection(SolutionProperties) = preSolution
		HideSolutionNode = FALSE
	EndGlobalSection
	GlobalSection(NestedProjects) = preSolution
		{AD4FC2FD-3701-4C5D-B860-421AABDAF737} = {E8927D4D-368D-4DB1-8AD5-B5FEF02C272E}
		{4A84F128-53E2-4F26-9B98-613D06094C26} = {AD4FC2FD-3701-4C5D-B860-421AABDAF737}
		{6CE61B28-A733-45EE-83B2-C6AF5267CB5E} = {AD4FC2FD-3701-4C5D-B860-421AABDAF737}
		{D4606AD6-A945-43FF-92A0-6ED284CFFA16} = {AD4FC2FD-3701-4C5D-B860-421AABDAF737}
		{62FE2598-63B3-4F61-8317-76BDB95B7999} = {AD4FC2FD-3701-4C5D-B860-421AABDAF737}
		{410A61F2-4AAC-4CB1-93ED-8B2CE4BEB7A8} = {E8927D4D-368D-4DB1-8AD5-B5FEF02C272E}
		{D164D999-CD7F-4B2A-9677-FCF04A4AEA7D} = {410A61F2-4AAC-4CB1-93ED-8B2CE4BEB7A8}
		{E61AA840-1176-4995-BF78-3D80086B2817} = {410A61F2-4AAC-4CB1-93ED-8B2CE4BEB7A8}
		{06902A4B-261B-44DC-8E0B-70CDFB4E804B} = {410A61F2-4AAC-4CB1-93ED-8B2CE4BEB7A8}
		{90F8AC00-688C-4DF2-A1D4-7360E919542A} = {410A61F2-4AAC-4CB1-93ED-8B2CE4BEB7A8}
	EndGlobalSection
	GlobalSection(ExtensibilityGlobals) = postSolution
		SolutionGuid = {9CE63A6E-75A2-4679-89F6-AE3B8BF528AA}
	EndGlobalSection
EndGlobal
