
Microsoft Visual Studio Solution File, Format Version 12.00
# Visual Studio Version 17
VisualStudioVersion = 17.2.32519.379
MinimumVisualStudioVersion = 10.0.40219.1
Project("{2150E333-8FDC-42A3-9474-1A3956D46DE8}") = "Microservices", "Microservices", "{E8927D4D-368D-4DB1-8AD5-B5FEF02C272E}"
EndProject
Project("{9A19103F-16F7-4668-BE54-9A1E7A4F7556}") = "ApiGateway", "ApiGateway\ApiGateway.csproj", "{E7773DE9-08BF-46B9-8CAF-061961EAFE85}"
EndProject
Project("{FAE04EC0-301F-11D3-BF4B-00C04F79EFBC}") = "Product.Microservice", "Microservices\Product.Microservice\Product.Microservice.csproj", "{1CBB9721-0B7C-4C83-9837-49D414E10781}"
EndProject
Project("{FAE04EC0-301F-11D3-BF4B-00C04F79EFBC}") = "Customer.Microservice", "Microservices\Customer.Microservice\Customer.Microservice.csproj", "{AA153C11-C539-483E-9CA7-6AA8F6CA15CC}"
EndProject
Global
	GlobalSection(SolutionConfigurationPlatforms) = preSolution
		Debug|Any CPU = Debug|Any CPU
		Release|Any CPU = Release|Any CPU
	EndGlobalSection
	GlobalSection(ProjectConfigurationPlatforms) = postSolution
		{E7773DE9-08BF-46B9-8CAF-061961EAFE85}.Debug|Any CPU.ActiveCfg = Debug|Any CPU
		{E7773DE9-08BF-46B9-8CAF-061961EAFE85}.Debug|Any CPU.Build.0 = Debug|Any CPU
		{E7773DE9-08BF-46B9-8CAF-061961EAFE85}.Release|Any CPU.ActiveCfg = Release|Any CPU
		{E7773DE9-08BF-46B9-8CAF-061961EAFE85}.Release|Any CPU.Build.0 = Release|Any CPU
		{1CBB9721-0B7C-4C83-9837-49D414E10781}.Debug|Any CPU.ActiveCfg = Debug|Any CPU
		{1CBB9721-0B7C-4C83-9837-49D414E10781}.Debug|Any CPU.Build.0 = Debug|Any CPU
		{1CBB9721-0B7C-4C83-9837-49D414E10781}.Release|Any CPU.ActiveCfg = Release|Any CPU
		{1CBB9721-0B7C-4C83-9837-49D414E10781}.Release|Any CPU.Build.0 = Release|Any CPU
		{AA153C11-C539-483E-9CA7-6AA8F6CA15CC}.Debug|Any CPU.ActiveCfg = Debug|Any CPU
		{AA153C11-C539-483E-9CA7-6AA8F6CA15CC}.Debug|Any CPU.Build.0 = Debug|Any CPU
		{AA153C11-C539-483E-9CA7-6AA8F6CA15CC}.Release|Any CPU.ActiveCfg = Release|Any CPU
		{AA153C11-C539-483E-9CA7-6AA8F6CA15CC}.Release|Any CPU.Build.0 = Release|Any CPU
	EndGlobalSection
	GlobalSection(SolutionProperties) = preSolution
		HideSolutionNode = FALSE
	EndGlobalSection
	GlobalSection(NestedProjects) = preSolution
		{1CBB9721-0B7C-4C83-9837-49D414E10781} = {E8927D4D-368D-4DB1-8AD5-B5FEF02C272E}
		{AA153C11-C539-483E-9CA7-6AA8F6CA15CC} = {E8927D4D-368D-4DB1-8AD5-B5FEF02C272E}
	EndGlobalSection
	GlobalSection(ExtensibilityGlobals) = postSolution
		SolutionGuid = {9CE63A6E-75A2-4679-89F6-AE3B8BF528AA}
	EndGlobalSection
EndGlobal
